
Microsoft Visual Studio Solution File, Format Version 12.00
# Visual Studio Version 17
Project("{8BC9CEB8-8B4A-11D0-8D11-00A0C91BC942}") = "ALL_BUILD", "ALL_BUILD.vcxproj", "{AB334BAA-C0B0-3303-9471-63FB256CEC76}"
	ProjectSection(ProjectDependencies) = postProject
		{83EBE9CB-2E5B-365F-B392-41C4897F9ADB} = {83EBE9CB-2E5B-365F-B392-41C4897F9ADB}
		{14685F46-E390-3512-9C22-7DBD751658AA} = {14685F46-E390-3512-9C22-7DBD751658AA}
		{6BB0E843-EB64-3203-8B71-5AFA56FBABA3} = {6BB0E843-EB64-3203-8B71-5AFA56FBABA3}
	EndProjectSection
EndProject
Project("{8BC9CEB8-8B4A-11D0-8D11-00A0C91BC942}") = "ZERO_CHECK", "ZERO_CHECK.vcxproj", "{83EBE9CB-2E5B-365F-B392-41C4897F9ADB}"
	ProjectSection(ProjectDependencies) = postProject
	EndProjectSection
EndProject
Project("{8BC9CEB8-8B4A-11D0-8D11-00A0C91BC942}") = "await", "await.vcxproj", "{14685F46-E390-3512-9C22-7DBD751658AA}"
	ProjectSection(ProjectDependencies) = postProject
		{83EBE9CB-2E5B-365F-B392-41C4897F9ADB} = {83EBE9CB-2E5B-365F-B392-41C4897F9ADB}
	EndProjectSection
EndProject
Project("{8BC9CEB8-8B4A-11D0-8D11-00A0C91BC942}") = "callbacks", "callbacks.vcxproj", "{6BB0E843-EB64-3203-8B71-5AFA56FBABA3}"
	ProjectSection(ProjectDependencies) = postProject
		{83EBE9CB-2E5B-365F-B392-41C4897F9ADB} = {83EBE9CB-2E5B-365F-B392-41C4897F9ADB}
	EndProjectSection
EndProject
Global
	GlobalSection(SolutionConfigurationPlatforms) = preSolution
		Debug|x64 = Debug|x64
		Release|x64 = Release|x64
		MinSizeRel|x64 = MinSizeRel|x64
		RelWithDebInfo|x64 = RelWithDebInfo|x64
	EndGlobalSection
	GlobalSection(ProjectConfigurationPlatforms) = postSolution
		{AB334BAA-C0B0-3303-9471-63FB256CEC76}.Debug|x64.ActiveCfg = Debug|x64
		{AB334BAA-C0B0-3303-9471-63FB256CEC76}.Release|x64.ActiveCfg = Release|x64
		{AB334BAA-C0B0-3303-9471-63FB256CEC76}.MinSizeRel|x64.ActiveCfg = MinSizeRel|x64
		{AB334BAA-C0B0-3303-9471-63FB256CEC76}.RelWithDebInfo|x64.ActiveCfg = RelWithDebInfo|x64
		{83EBE9CB-2E5B-365F-B392-41C4897F9ADB}.Debug|x64.ActiveCfg = Debug|x64
		{83EBE9CB-2E5B-365F-B392-41C4897F9ADB}.Debug|x64.Build.0 = Debug|x64
		{83EBE9CB-2E5B-365F-B392-41C4897F9ADB}.Release|x64.ActiveCfg = Release|x64
		{83EBE9CB-2E5B-365F-B392-41C4897F9ADB}.Release|x64.Build.0 = Release|x64
		{83EBE9CB-2E5B-365F-B392-41C4897F9ADB}.MinSizeRel|x64.ActiveCfg = MinSizeRel|x64
		{83EBE9CB-2E5B-365F-B392-41C4897F9ADB}.MinSizeRel|x64.Build.0 = MinSizeRel|x64
		{83EBE9CB-2E5B-365F-B392-41C4897F9ADB}.RelWithDebInfo|x64.ActiveCfg = RelWithDebInfo|x64
		{83EBE9CB-2E5B-365F-B392-41C4897F9ADB}.RelWithDebInfo|x64.Build.0 = RelWithDebInfo|x64
		{14685F46-E390-3512-9C22-7DBD751658AA}.Debug|x64.ActiveCfg = Debug|x64
		{14685F46-E390-3512-9C22-7DBD751658AA}.Debug|x64.Build.0 = Debug|x64
		{14685F46-E390-3512-9C22-7DBD751658AA}.Release|x64.ActiveCfg = Release|x64
		{14685F46-E390-3512-9C22-7DBD751658AA}.Release|x64.Build.0 = Release|x64
		{14685F46-E390-3512-9C22-7DBD751658AA}.MinSizeRel|x64.ActiveCfg = MinSizeRel|x64
		{14685F46-E390-3512-9C22-7DBD751658AA}.MinSizeRel|x64.Build.0 = MinSizeRel|x64
		{14685F46-E390-3512-9C22-7DBD751658AA}.RelWithDebInfo|x64.ActiveCfg = RelWithDebInfo|x64
		{14685F46-E390-3512-9C22-7DBD751658AA}.RelWithDebInfo|x64.Build.0 = RelWithDebInfo|x64
		{6BB0E843-EB64-3203-8B71-5AFA56FBABA3}.Debug|x64.ActiveCfg = Debug|x64
		{6BB0E843-EB64-3203-8B71-5AFA56FBABA3}.Debug|x64.Build.0 = Debug|x64
		{6BB0E843-EB64-3203-8B71-5AFA56FBABA3}.Release|x64.ActiveCfg = Release|x64
		{6BB0E843-EB64-3203-8B71-5AFA56FBABA3}.Release|x64.Build.0 = Release|x64
		{6BB0E843-EB64-3203-8B71-5AFA56FBABA3}.MinSizeRel|x64.ActiveCfg = MinSizeRel|x64
		{6BB0E843-EB64-3203-8B71-5AFA56FBABA3}.MinSizeRel|x64.Build.0 = MinSizeRel|x64
		{6BB0E843-EB64-3203-8B71-5AFA56FBABA3}.RelWithDebInfo|x64.ActiveCfg = RelWithDebInfo|x64
		{6BB0E843-EB64-3203-8B71-5AFA56FBABA3}.RelWithDebInfo|x64.Build.0 = RelWithDebInfo|x64
	EndGlobalSection
	GlobalSection(ExtensibilityGlobals) = postSolution
		SolutionGuid = {ED1D0CAA-3290-397E-816A-9AADE31EEAF3}
	EndGlobalSection
	GlobalSection(ExtensibilityAddIns) = postSolution
	EndGlobalSection
EndGlobal
